
Microsoft Visual Studio Solution File, Format Version 12.00
# Visual Studio Version 16
VisualStudioVersion = 16.0.31105.61
MinimumVisualStudioVersion = 10.0.40219.1
Project("{FAE04EC0-301F-11D3-BF4B-00C04F79EFBC}") = "Marc-DeGuzman_Exercise01", "Marc-DeGuzman_Exercise01\Marc-DeGuzman_Exercise01.csproj", "{6BA27602-12DB-4313-B9D2-6F4993AE94F1}"
EndProject
Project("{FAE04EC0-301F-11D3-BF4B-00C04F79EFBC}") = "Marc-DeGuzman_Exercise02", "Marc-DeGuzman_Exercise02\Marc-DeGuzman_Exercise02.csproj", "{3E29EDC9-BE35-467A-A632-6B71A592EE57}"
EndProject
Global
	GlobalSection(SolutionConfigurationPlatforms) = preSolution
		Debug|Any CPU = Debug|Any CPU
		Release|Any CPU = Release|Any CPU
	EndGlobalSection
	GlobalSection(ProjectConfigurationPlatforms) = postSolution
		{6BA27602-12DB-4313-B9D2-6F4993AE94F1}.Debug|Any CPU.ActiveCfg = Debug|Any CPU
		{6BA27602-12DB-4313-B9D2-6F4993AE94F1}.Debug|Any CPU.Build.0 = Debug|Any CPU
		{6BA27602-12DB-4313-B9D2-6F4993AE94F1}.Release|Any CPU.ActiveCfg = Release|Any CPU
		{6BA27602-12DB-4313-B9D2-6F4993AE94F1}.Release|Any CPU.Build.0 = Release|Any CPU
		{3E29EDC9-BE35-467A-A632-6B71A592EE57}.Debug|Any CPU.ActiveCfg = Debug|Any CPU
		{3E29EDC9-BE35-467A-A632-6B71A592EE57}.Debug|Any CPU.Build.0 = Debug|Any CPU
		{3E29EDC9-BE35-467A-A632-6B71A592EE57}.Release|Any CPU.ActiveCfg = Release|Any CPU
		{3E29EDC9-BE35-467A-A632-6B71A592EE57}.Release|Any CPU.Build.0 = Release|Any CPU
	EndGlobalSection
	GlobalSection(SolutionProperties) = preSolution
		HideSolutionNode = FALSE
	EndGlobalSection
	GlobalSection(ExtensibilityGlobals) = postSolution
		SolutionGuid = {A90D1DCF-D705-4414-83D5-14D48E9FB522}
	EndGlobalSection
EndGlobal
