
Microsoft Visual Studio Solution File, Format Version 12.00
# Visual Studio Version 16
VisualStudioVersion = 16.0.31105.61
MinimumVisualStudioVersion = 10.0.40219.1
Project("{FAE04EC0-301F-11D3-BF4B-00C04F79EFBC}") = "Marc-DeGuzman_Exercise01", "Marc-DeGuzman_Exercise01\Marc-DeGuzman_Exercise01.csproj", "{96890111-956D-44F0-B01A-9A533C0B7594}"
EndProject
Project("{FAE04EC0-301F-11D3-BF4B-00C04F79EFBC}") = "Marc-DeGuzman_Exercise02", "Marc-DeGuzman_Exercise02\Marc-DeGuzman_Exercise02.csproj", "{C2ADD6D8-4821-4B31-B4F6-DD60AFF7824C}"
EndProject
Project("{FAE04EC0-301F-11D3-BF4B-00C04F79EFBC}") = "Marc-DeGuzman_Exercise03", "Marc-DeGuzman_Exercise03\Marc-DeGuzman_Exercise03.csproj", "{216DD9F6-9D67-479E-81BD-C56B91DD3156}"
EndProject
Global
	GlobalSection(SolutionConfigurationPlatforms) = preSolution
		Debug|Any CPU = Debug|Any CPU
		Release|Any CPU = Release|Any CPU
	EndGlobalSection
	GlobalSection(ProjectConfigurationPlatforms) = postSolution
		{96890111-956D-44F0-B01A-9A533C0B7594}.Debug|Any CPU.ActiveCfg = Debug|Any CPU
		{96890111-956D-44F0-B01A-9A533C0B7594}.Debug|Any CPU.Build.0 = Debug|Any CPU
		{96890111-956D-44F0-B01A-9A533C0B7594}.Release|Any CPU.ActiveCfg = Release|Any CPU
		{96890111-956D-44F0-B01A-9A533C0B7594}.Release|Any CPU.Build.0 = Release|Any CPU
		{C2ADD6D8-4821-4B31-B4F6-DD60AFF7824C}.Debug|Any CPU.ActiveCfg = Debug|Any CPU
		{C2ADD6D8-4821-4B31-B4F6-DD60AFF7824C}.Debug|Any CPU.Build.0 = Debug|Any CPU
		{C2ADD6D8-4821-4B31-B4F6-DD60AFF7824C}.Release|Any CPU.ActiveCfg = Release|Any CPU
		{C2ADD6D8-4821-4B31-B4F6-DD60AFF7824C}.Release|Any CPU.Build.0 = Release|Any CPU
		{216DD9F6-9D67-479E-81BD-C56B91DD3156}.Debug|Any CPU.ActiveCfg = Debug|Any CPU
		{216DD9F6-9D67-479E-81BD-C56B91DD3156}.Debug|Any CPU.Build.0 = Debug|Any CPU
		{216DD9F6-9D67-479E-81BD-C56B91DD3156}.Release|Any CPU.ActiveCfg = Release|Any CPU
		{216DD9F6-9D67-479E-81BD-C56B91DD3156}.Release|Any CPU.Build.0 = Release|Any CPU
	EndGlobalSection
	GlobalSection(SolutionProperties) = preSolution
		HideSolutionNode = FALSE
	EndGlobalSection
	GlobalSection(ExtensibilityGlobals) = postSolution
		SolutionGuid = {DA70A9A1-E6E9-4293-8AF9-F1857789120E}
	EndGlobalSection
EndGlobal
